// !$*UTF8*$!
{
	archiveVersion = 1;
	classes = {
	};
	objectVersion = 50;
	objects = {

/* Begin PBXBuildFile section */
		DE5222FA23EB82B5000FC26A /* AppDelegate.swift in Sources */ = {isa = PBXBuildFile; fileRef = DE5222F923EB82B5000FC26A /* AppDelegate.swift */; };
		DE5222FC23EB82B5000FC26A /* SceneDelegate.swift in Sources */ = {isa = PBXBuildFile; fileRef = DE5222FB23EB82B5000FC26A /* SceneDelegate.swift */; };
		DE5222FE23EB82B5000FC26A /* HomeViewController.swift in Sources */ = {isa = PBXBuildFile; fileRef = DE5222FD23EB82B5000FC26A /* HomeViewController.swift */; };
		DE52230123EB82B5000FC26A /* Main.storyboard in Resources */ = {isa = PBXBuildFile; fileRef = DE5222FF23EB82B5000FC26A /* Main.storyboard */; };
		DE52230323EB82B7000FC26A /* Assets.xcassets in Resources */ = {isa = PBXBuildFile; fileRef = DE52230223EB82B7000FC26A /* Assets.xcassets */; };
		DE52230623EB82B7000FC26A /* LaunchScreen.storyboard in Resources */ = {isa = PBXBuildFile; fileRef = DE52230423EB82B7000FC26A /* LaunchScreen.storyboard */; };
		DE52231623EB849A000FC26A /* Post.swift in Sources */ = {isa = PBXBuildFile; fileRef = DE52231523EB849A000FC26A /* Post.swift */; };
		DE52231823EB86FB000FC26A /* PostServices.swift in Sources */ = {isa = PBXBuildFile; fileRef = DE52231723EB86FB000FC26A /* PostServices.swift */; };
		DE68596423EB953800A4495F /* ImageExtension.swift in Sources */ = {isa = PBXBuildFile; fileRef = DE68596323EB953800A4495F /* ImageExtension.swift */; };
/* End PBXBuildFile section */

/* Begin PBXFileReference section */
		DE5222F623EB82B5000FC26A /* SurfReddit.app */ = {isa = PBXFileReference; explicitFileType = wrapper.application; includeInIndex = 0; path = SurfReddit.app; sourceTree = BUILT_PRODUCTS_DIR; };
		DE5222F923EB82B5000FC26A /* AppDelegate.swift */ = {isa = PBXFileReference; lastKnownFileType = sourcecode.swift; path = AppDelegate.swift; sourceTree = "<group>"; };
		DE5222FB23EB82B5000FC26A /* SceneDelegate.swift */ = {isa = PBXFileReference; lastKnownFileType = sourcecode.swift; path = SceneDelegate.swift; sourceTree = "<group>"; };
		DE5222FD23EB82B5000FC26A /* HomeViewController.swift */ = {isa = PBXFileReference; lastKnownFileType = sourcecode.swift; name = HomeViewController.swift; path = ../HomeViewController.swift; sourceTree = "<group>"; };
		DE52230023EB82B5000FC26A /* Base */ = {isa = PBXFileReference; lastKnownFileType = file.storyboard; name = Base; path = Base.lproj/Main.storyboard; sourceTree = "<group>"; };
		DE52230223EB82B7000FC26A /* Assets.xcassets */ = {isa = PBXFileReference; lastKnownFileType = folder.assetcatalog; path = Assets.xcassets; sourceTree = "<group>"; };
		DE52230523EB82B7000FC26A /* Base */ = {isa = PBXFileReference; lastKnownFileType = file.storyboard; name = Base; path = Base.lproj/LaunchScreen.storyboard; sourceTree = "<group>"; };
		DE52230723EB82B7000FC26A /* Info.plist */ = {isa = PBXFileReference; lastKnownFileType = text.plist.xml; path = Info.plist; sourceTree = "<group>"; };
		DE52231523EB849A000FC26A /* Post.swift */ = {isa = PBXFileReference; lastKnownFileType = sourcecode.swift; path = Post.swift; sourceTree = "<group>"; };
		DE52231723EB86FB000FC26A /* PostServices.swift */ = {isa = PBXFileReference; lastKnownFileType = sourcecode.swift; path = PostServices.swift; sourceTree = "<group>"; };
		DE68596323EB953800A4495F /* ImageExtension.swift */ = {isa = PBXFileReference; lastKnownFileType = sourcecode.swift; path = ImageExtension.swift; sourceTree = "<group>"; };
/* End PBXFileReference section */

/* Begin PBXFrameworksBuildPhase section */
		DE5222F323EB82B5000FC26A /* Frameworks */ = {
			isa = PBXFrameworksBuildPhase;
			buildActionMask = 2147483647;
			files = (
			);
			runOnlyForDeploymentPostprocessing = 0;
		};
/* End PBXFrameworksBuildPhase section */

/* Begin PBXGroup section */
		DE5222ED23EB82B5000FC26A = {
			isa = PBXGroup;
			children = (
				DE5222F823EB82B5000FC26A /* SurfReddit */,
				DE5222F723EB82B5000FC26A /* Products */,
			);
			sourceTree = "<group>";
		};
		DE5222F723EB82B5000FC26A /* Products */ = {
			isa = PBXGroup;
			children = (
				DE5222F623EB82B5000FC26A /* SurfReddit.app */,
			);
			name = Products;
			sourceTree = "<group>";
		};
		DE5222F823EB82B5000FC26A /* SurfReddit */ = {
			isa = PBXGroup;
			children = (
				DE52230F23EB82E3000FC26A /* Models */,
				DE52231123EB82F2000FC26A /* Controllers */,
				DE52231023EB82EA000FC26A /* Services */,
				DE68596223EB951600A4495F /* Extensions */,
				DE52231323EB8318000FC26A /* Assets */,
				DE52231423EB833B000FC26A /* Delegates */,
				DE5222FF23EB82B5000FC26A /* Main.storyboard */,
				DE52230423EB82B7000FC26A /* LaunchScreen.storyboard */,
				DE52230723EB82B7000FC26A /* Info.plist */,
			);
			path = SurfReddit;
			sourceTree = "<group>";
		};
		DE52230F23EB82E3000FC26A /* Models */ = {
			isa = PBXGroup;
			children = (
				DE52231523EB849A000FC26A /* Post.swift */,
			);
			path = Models;
			sourceTree = "<group>";
		};
		DE52231023EB82EA000FC26A /* Services */ = {
			isa = PBXGroup;
			children = (
				DE52231723EB86FB000FC26A /* PostServices.swift */,
			);
			path = Services;
			sourceTree = "<group>";
		};
		DE52231123EB82F2000FC26A /* Controllers */ = {
			isa = PBXGroup;
			children = (
				DE5222FD23EB82B5000FC26A /* HomeViewController.swift */,
			);
			path = Controllers;
			sourceTree = "<group>";
		};
		DE52231323EB8318000FC26A /* Assets */ = {
			isa = PBXGroup;
			children = (
				DE52230223EB82B7000FC26A /* Assets.xcassets */,
			);
			path = Assets;
			sourceTree = "<group>";
		};
		DE52231423EB833B000FC26A /* Delegates */ = {
			isa = PBXGroup;
			children = (
				DE5222F923EB82B5000FC26A /* AppDelegate.swift */,
				DE5222FB23EB82B5000FC26A /* SceneDelegate.swift */,
			);
			path = Delegates;
			sourceTree = "<group>";
		};
		DE68596223EB951600A4495F /* Extensions */ = {
			isa = PBXGroup;
			children = (
				DE68596323EB953800A4495F /* ImageExtension.swift */,
			);
			path = Extensions;
			sourceTree = "<group>";
		};
/* End PBXGroup section */

/* Begin PBXNativeTarget section */
		DE5222F523EB82B5000FC26A /* SurfReddit */ = {
			isa = PBXNativeTarget;
			buildConfigurationList = DE52230A23EB82B7000FC26A /* Build configuration list for PBXNativeTarget "SurfReddit" */;
			buildPhases = (
				DE5222F223EB82B5000FC26A /* Sources */,
				DE5222F323EB82B5000FC26A /* Frameworks */,
				DE5222F423EB82B5000FC26A /* Resources */,
			);
			buildRules = (
			);
			dependencies = (
			);
			name = SurfReddit;
			productName = SurfReddit;
			productReference = DE5222F623EB82B5000FC26A /* SurfReddit.app */;
			productType = "com.apple.product-type.application";
		};
/* End PBXNativeTarget section */

/* Begin PBXProject section */
		DE5222EE23EB82B5000FC26A /* Project object */ = {
			isa = PBXProject;
			attributes = {
				LastSwiftUpdateCheck = 1130;
				LastUpgradeCheck = 1130;
				ORGANIZATIONNAME = "Jake Sulkoske";
				TargetAttributes = {
					DE5222F523EB82B5000FC26A = {
						CreatedOnToolsVersion = 11.3.1;
					};
				};
			};
			buildConfigurationList = DE5222F123EB82B5000FC26A /* Build configuration list for PBXProject "SurfReddit" */;
			compatibilityVersion = "Xcode 9.3";
			developmentRegion = en;
			hasScannedForEncodings = 0;
			knownRegions = (
				en,
				Base,
			);
			mainGroup = DE5222ED23EB82B5000FC26A;
			productRefGroup = DE5222F723EB82B5000FC26A /* Products */;
			projectDirPath = "";
			projectRoot = "";
			targets = (
				DE5222F523EB82B5000FC26A /* SurfReddit */,
			);
		};
/* End PBXProject section */

/* Begin PBXResourcesBuildPhase section */
		DE5222F423EB82B5000FC26A /* Resources */ = {
			isa = PBXResourcesBuildPhase;
			buildActionMask = 2147483647;
			files = (
				DE52230623EB82B7000FC26A /* LaunchScreen.storyboard in Resources */,
				DE52230323EB82B7000FC26A /* Assets.xcassets in Resources */,
				DE52230123EB82B5000FC26A /* Main.storyboard in Resources */,
			);
			runOnlyForDeploymentPostprocessing = 0;
		};
/* End PBXResourcesBuildPhase section */

/* Begin PBXSourcesBuildPhase section */
		DE5222F223EB82B5000FC26A /* Sources */ = {
			isa = PBXSourcesBuildPhase;
			buildActionMask = 2147483647;
			files = (
				DE5222FE23EB82B5000FC26A /* HomeViewController.swift in Sources */,
				DE68596423EB953800A4495F /* ImageExtension.swift in Sources */,
				DE5222FA23EB82B5000FC26A /* AppDelegate.swift in Sources */,
				DE5222FC23EB82B5000FC26A /* SceneDelegate.swift in Sources */,
				DE52231623EB849A000FC26A /* Post.swift in Sources */,
				DE52231823EB86FB000FC26A /* PostServices.swift in Sources */,
			);
			runOnlyForDeploymentPostprocessing = 0;
		};
/* End PBXSourcesBuildPhase section */

/* Begin PBXVariantGroup section */
		DE5222FF23EB82B5000FC26A /* Main.storyboard */ = {
			isa = PBXVariantGroup;
			children = (
				DE52230023EB82B5000FC26A /* Base */,
			);
			name = Main.storyboard;
			sourceTree = "<group>";
		};
		DE52230423EB82B7000FC26A /* LaunchScreen.storyboard */ = {
			isa = PBXVariantGroup;
			children = (
				DE52230523EB82B7000FC26A /* Base */,
			);
			name = LaunchScreen.storyboard;
			sourceTree = "<group>";
		};
/* End PBXVariantGroup section */

/* Begin XCBuildConfiguration section */
		DE52230823EB82B7000FC26A /* Debug */ = {
			isa = XCBuildConfiguration;
			buildSettings = {
				ALWAYS_SEARCH_USER_PATHS = NO;
				CLANG_ANALYZER_NONNULL = YES;
				CLANG_ANALYZER_NUMBER_OBJECT_CONVERSION = YES_AGGRESSIVE;
				CLANG_CXX_LANGUAGE_STANDARD = "gnu++14";
				CLANG_CXX_LIBRARY = "libc++";
				CLANG_ENABLE_MODULES = YES;
				CLANG_ENABLE_OBJC_ARC = YES;
				CLANG_ENABLE_OBJC_WEAK = YES;
				CLANG_WARN_BLOCK_CAPTURE_AUTORELEASING = YES;
				CLANG_WARN_BOOL_CONVERSION = YES;
				CLANG_WARN_COMMA = YES;
				CLANG_WARN_CONSTANT_CONVERSION = YES;
				CLANG_WARN_DEPRECATED_OBJC_IMPLEMENTATIONS = YES;
				CLANG_WARN_DIRECT_OBJC_ISA_USAGE = YES_ERROR;
				CLANG_WARN_DOCUMENTATION_COMMENTS = YES;
				CLANG_WARN_EMPTY_BODY = YES;
				CLANG_WARN_ENUM_CONVERSION = YES;
				CLANG_WARN_INFINITE_RECURSION = YES;
				CLANG_WARN_INT_CONVERSION = YES;
				CLANG_WARN_NON_LITERAL_NULL_CONVERSION = YES;
				CLANG_WARN_OBJC_IMPLICIT_RETAIN_SELF = YES;
				CLANG_WARN_OBJC_LITERAL_CONVERSION = YES;
				CLANG_WARN_OBJC_ROOT_CLASS = YES_ERROR;
				CLANG_WARN_RANGE_LOOP_ANALYSIS = YES;
				CLANG_WARN_STRICT_PROTOTYPES = YES;
				CLANG_WARN_SUSPICIOUS_MOVE = YES;
				CLANG_WARN_UNGUARDED_AVAILABILITY = YES_AGGRESSIVE;
				CLANG_WARN_UNREACHABLE_CODE = YES;
				CLANG_WARN__DUPLICATE_METHOD_MATCH = YES;
				COPY_PHASE_STRIP = NO;
				DEBUG_INFORMATION_FORMAT = dwarf;
				ENABLE_STRICT_OBJC_MSGSEND = YES;
				ENABLE_TESTABILITY = YES;
				GCC_C_LANGUAGE_STANDARD = gnu11;
				GCC_DYNAMIC_NO_PIC = NO;
				GCC_NO_COMMON_BLOCKS = YES;
				GCC_OPTIMIZATION_LEVEL = 0;
				GCC_PREPROCESSOR_DEFINITIONS = (
					"DEBUG=1",
					"$(inherited)",
				);
				GCC_WARN_64_TO_32_BIT_CONVERSION = YES;
				GCC_WARN_ABOUT_RETURN_TYPE = YES_ERROR;
				GCC_WARN_UNDECLARED_SELECTOR = YES;
				GCC_WARN_UNINITIALIZED_AUTOS = YES_AGGRESSIVE;
				GCC_WARN_UNUSED_FUNCTION = YES;
				GCC_WARN_UNUSED_VARIABLE = YES;
				IPHONEOS_DEPLOYMENT_TARGET = 13.2;
				MTL_ENABLE_DEBUG_INFO = INCLUDE_SOURCE;
				MTL_FAST_MATH = YES;
				ONLY_ACTIVE_ARCH = YES;
				SDKROOT = iphoneos;
				SWIFT_ACTIVE_COMPILATION_CONDITIONS = DEBUG;
				SWIFT_OPTIMIZATION_LEVEL = "-Onone";
			};
			name = Debug;
		};
		DE52230923EB82B7000FC26A /* Release */ = {
			isa = XCBuildConfiguration;
			buildSettings = {
				ALWAYS_SEARCH_USER_PATHS = NO;
				CLANG_ANALYZER_NONNULL = YES;
				CLANG_ANALYZER_NUMBER_OBJECT_CONVERSION = YES_AGGRESSIVE;
				CLANG_CXX_LANGUAGE_STANDARD = "gnu++14";
				CLANG_CXX_LIBRARY = "libc++";
				CLANG_ENABLE_MODULES = YES;
				CLANG_ENABLE_OBJC_ARC = YES;
				CLANG_ENABLE_OBJC_WEAK = YES;
				CLANG_WARN_BLOCK_CAPTURE_AUTORELEASING = YES;
				CLANG_WARN_BOOL_CONVERSION = YES;
				CLANG_WARN_COMMA = YES;
				CLANG_WARN_CONSTANT_CONVERSION = YES;
				CLANG_WARN_DEPRECATED_OBJC_IMPLEMENTATIONS = YES;
				CLANG_WARN_DIRECT_OBJC_ISA_USAGE = YES_ERROR;
				CLANG_WARN_DOCUMENTATION_COMMENTS = YES;
				CLANG_WARN_EMPTY_BODY = YES;
				CLANG_WARN_ENUM_CONVERSION = YES;
				CLANG_WARN_INFINITE_RECURSION = YES;
				CLANG_WARN_INT_CONVERSION = YES;
				CLANG_WARN_NON_LITERAL_NULL_CONVERSION = YES;
				CLANG_WARN_OBJC_IMPLICIT_RETAIN_SELF = YES;
				CLANG_WARN_OBJC_LITERAL_CONVERSION = YES;
				CLANG_WARN_OBJC_ROOT_CLASS = YES_ERROR;
				CLANG_WARN_RANGE_LOOP_ANALYSIS = YES;
				CLANG_WARN_STRICT_PROTOTYPES = YES;
				CLANG_WARN_SUSPICIOUS_MOVE = YES;
				CLANG_WARN_UNGUARDED_AVAILABILITY = YES_AGGRESSIVE;
				CLANG_WARN_UNREACHABLE_CODE = YES;
				CLANG_WARN__DUPLICATE_METHOD_MATCH = YES;
				COPY_PHASE_STRIP = NO;
				DEBUG_INFORMATION_FORMAT = "dwarf-with-dsym";
				ENABLE_NS_ASSERTIONS = NO;
				ENABLE_STRICT_OBJC_MSGSEND = YES;
				GCC_C_LANGUAGE_STANDARD = gnu11;
				GCC_NO_COMMON_BLOCKS = YES;
				GCC_WARN_64_TO_32_BIT_CONVERSION = YES;
				GCC_WARN_ABOUT_RETURN_TYPE = YES_ERROR;
				GCC_WARN_UNDECLARED_SELECTOR = YES;
				GCC_WARN_UNINITIALIZED_AUTOS = YES_AGGRESSIVE;
				GCC_WARN_UNUSED_FUNCTION = YES;
				GCC_WARN_UNUSED_VARIABLE = YES;
				IPHONEOS_DEPLOYMENT_TARGET = 13.2;
				MTL_ENABLE_DEBUG_INFO = NO;
				MTL_FAST_MATH = YES;
				SDKROOT = iphoneos;
				SWIFT_COMPILATION_MODE = wholemodule;
				SWIFT_OPTIMIZATION_LEVEL = "-O";
				VALIDATE_PRODUCT = YES;
			};
			name = Release;
		};
		DE52230B23EB82B7000FC26A /* Debug */ = {
			isa = XCBuildConfiguration;
			buildSettings = {
				ASSETCATALOG_COMPILER_APPICON_NAME = AppIcon;
				CODE_SIGN_STYLE = Automatic;
				DEVELOPMENT_TEAM = ER55TD6438;
				INFOPLIST_FILE = SurfReddit/Info.plist;
				LD_RUNPATH_SEARCH_PATHS = (
					"$(inherited)",
					"@executable_path/Frameworks",
				);
				PRODUCT_BUNDLE_IDENTIFIER = com.site1001.SurfReddit;
				PRODUCT_NAME = "$(TARGET_NAME)";
				SWIFT_VERSION = 5.0;
				TARGETED_DEVICE_FAMILY = "1,2";
			};
			name = Debug;
		};
		DE52230C23EB82B7000FC26A /* Release */ = {
			isa = XCBuildConfiguration;
			buildSettings = {
				ASSETCATALOG_COMPILER_APPICON_NAME = AppIcon;
				CODE_SIGN_STYLE = Automatic;
				DEVELOPMENT_TEAM = ER55TD6438;
				INFOPLIST_FILE = SurfReddit/Info.plist;
				LD_RUNPATH_SEARCH_PATHS = (
					"$(inherited)",
					"@executable_path/Frameworks",
				);
				PRODUCT_BUNDLE_IDENTIFIER = com.site1001.SurfReddit;
				PRODUCT_NAME = "$(TARGET_NAME)";
				SWIFT_VERSION = 5.0;
				TARGETED_DEVICE_FAMILY = "1,2";
			};
			name = Release;
		};
/* End XCBuildConfiguration section */

/* Begin XCConfigurationList section */
		DE5222F123EB82B5000FC26A /* Build configuration list for PBXProject "SurfReddit" */ = {
			isa = XCConfigurationList;
			buildConfigurations = (
				DE52230823EB82B7000FC26A /* Debug */,
				DE52230923EB82B7000FC26A /* Release */,
			);
			defaultConfigurationIsVisible = 0;
			defaultConfigurationName = Release;
		};
		DE52230A23EB82B7000FC26A /* Build configuration list for PBXNativeTarget "SurfReddit" */ = {
			isa = XCConfigurationList;
			buildConfigurations = (
				DE52230B23EB82B7000FC26A /* Debug */,
				DE52230C23EB82B7000FC26A /* Release */,
			);
			defaultConfigurationIsVisible = 0;
			defaultConfigurationName = Release;
		};
/* End XCConfigurationList section */
	};
	rootObject = DE5222EE23EB82B5000FC26A /* Project object */;
}
